
Microsoft Visual Studio Solution File, Format Version 12.00
# Visual Studio Version 17
VisualStudioVersion = 17.13.35931.197 d17.13
MinimumVisualStudioVersion = 10.0.40219.1
Project("{FAE04EC0-301F-11D3-BF4B-00C04F79EFBC}") = "Application", "Application\Application.csproj", "{5895C920-4927-4398-A810-4BB2FB058D51}"
EndProject
Project("{FAE04EC0-301F-11D3-BF4B-00C04F79EFBC}") = "PredictorDeTendenciaDeActivos.WED", "PredictorDeTendenciaDeActivos.WED\PredictorDeTendenciaDeActivos.WED.csproj", "{852C7A7E-69D5-4E09-A846-3F9092A86457}"
EndProject
Global
	GlobalSection(SolutionConfigurationPlatforms) = preSolution
		Debug|Any CPU = Debug|Any CPU
		Release|Any CPU = Release|Any CPU
	EndGlobalSection
	GlobalSection(ProjectConfigurationPlatforms) = postSolution
		{5895C920-4927-4398-A810-4BB2FB058D51}.Debug|Any CPU.ActiveCfg = Debug|Any CPU
		{5895C920-4927-4398-A810-4BB2FB058D51}.Debug|Any CPU.Build.0 = Debug|Any CPU
		{5895C920-4927-4398-A810-4BB2FB058D51}.Release|Any CPU.ActiveCfg = Release|Any CPU
		{5895C920-4927-4398-A810-4BB2FB058D51}.Release|Any CPU.Build.0 = Release|Any CPU
		{852C7A7E-69D5-4E09-A846-3F9092A86457}.Debug|Any CPU.ActiveCfg = Debug|Any CPU
		{852C7A7E-69D5-4E09-A846-3F9092A86457}.Debug|Any CPU.Build.0 = Debug|Any CPU
		{852C7A7E-69D5-4E09-A846-3F9092A86457}.Release|Any CPU.ActiveCfg = Release|Any CPU
		{852C7A7E-69D5-4E09-A846-3F9092A86457}.Release|Any CPU.Build.0 = Release|Any CPU
	EndGlobalSection
	GlobalSection(SolutionProperties) = preSolution
		HideSolutionNode = FALSE
	EndGlobalSection
	GlobalSection(ExtensibilityGlobals) = postSolution
		SolutionGuid = {421D8E3A-D05D-44DD-8BE7-2DD293BDE9FB}
	EndGlobalSection
EndGlobal
